{
  "name": "deadunit",
  "version": "5.1.7",
  "dependencies": {
    "async-future": {
      "version": "0.1.18",
      "from": "async-future@0.1.18",
      "resolved": "https://registry.npmjs.org/async-future/-/async-future-0.1.18.tgz",
      "dependencies": {
        "trimArguments": {
          "version": "1.0.0",
          "from": "https://github.com/fresheneesz/trimArguments/archive/e69ed3ebdfe6cf055916ba6e3a1e4b28f696da6f.tar.gz",
          "resolved": "https://github.com/fresheneesz/trimArguments/archive/e69ed3ebdfe6cf055916ba6e3a1e4b28f696da6f.tar.gz"
        }
      }
    },
    "colors": {
      "version": "0.6.2",
      "from": "https://github.com/fresheneesz/colors.js/archive/e990804d7c301765409770582c6aa6d562a23198.tar.gz",
      "resolved": "https://github.com/fresheneesz/colors.js/archive/e990804d7c301765409770582c6aa6d562a23198.tar.gz"
    },
    "deadunit-core": {
      "version": "5.0.13",
      "from": "deadunit-core@5.0.13",
      "resolved": "https://registry.npmjs.org/deadunit-core/-/deadunit-core-5.0.13.tgz",
      "dependencies": {
        "async-future": {
          "version": "1.0.2",
          "from": "https://registry.npmjs.org/async-future/-/async-future-1.0.2.tgz",
          "resolved": "https://registry.npmjs.org/async-future/-/async-future-1.0.2.tgz",
          "dependencies": {
            "trimArguments": {
              "version": "1.0.0",
              "from": "https://github.com/fresheneesz/trimArguments/archive/e69ed3ebdfe6cf055916ba6e3a1e4b28f696da6f.tar.gz",
              "resolved": "https://github.com/fresheneesz/trimArguments/archive/e69ed3ebdfe6cf055916ba6e3a1e4b28f696da6f.tar.gz"
            }
          }
        },
        "stack-trace": {
          "version": "0.0.7",
          "from": "https://registry.npmjs.org/stack-trace/-/stack-trace-0.0.7.tgz",
          "resolved": "https://registry.npmjs.org/stack-trace/-/stack-trace-0.0.7.tgz"
        },
        "stackinfo": {
          "version": "1.1.3",
          "from": "https://registry.npmjs.org/stackinfo/-/stackinfo-1.1.3.tgz",
          "resolved": "https://registry.npmjs.org/stackinfo/-/stackinfo-1.1.3.tgz",
          "dependencies": {
            "stacktrace-js": {
              "version": "0.6.0",
              "from": "https://github.com/stacktracejs/stacktrace.js/archive/b289dabc8a438ae24c26e0de0b2cb80de69b7988.tar.gz",
              "resolved": "https://github.com/stacktracejs/stacktrace.js/archive/b289dabc8a438ae24c26e0de0b2cb80de69b7988.tar.gz"
            }
          }
        },
        "source-map-resolve": {
          "version": "0.1.3",
          "from": "https://registry.npmjs.org/source-map-resolve/-/source-map-resolve-0.1.3.tgz",
          "resolved": "https://registry.npmjs.org/source-map-resolve/-/source-map-resolve-0.1.3.tgz",
          "dependencies": {
            "source-map-url": {
              "version": "0.2.0",
              "from": "https://registry.npmjs.org/source-map-url/-/source-map-url-0.2.0.tgz",
              "resolved": "https://registry.npmjs.org/source-map-url/-/source-map-url-0.2.0.tgz"
            },
            "atob": {
              "version": "1.1.2",
              "from": "https://registry.npmjs.org/atob/-/atob-1.1.2.tgz",
              "resolved": "https://registry.npmjs.org/atob/-/atob-1.1.2.tgz"
            },
            "urix": {
              "version": "0.1.0",
              "from": "https://registry.npmjs.org/urix/-/urix-0.1.0.tgz",
              "resolved": "https://registry.npmjs.org/urix/-/urix-0.1.0.tgz"
            },
            "resolve-url": {
              "version": "0.2.1",
              "from": "https://registry.npmjs.org/resolve-url/-/resolve-url-0.2.1.tgz",
              "resolved": "https://registry.npmjs.org/resolve-url/-/resolve-url-0.2.1.tgz"
            }
          }
        },
        "source-map": {
          "version": "0.1.33",
          "from": "source-map@0.1.33",
          "resolved": "https://registry.npmjs.org/source-map/-/source-map-0.1.33.tgz",
          "dependencies": {
            "amdefine": {
              "version": "0.1.0",
              "from": "amdefine@0.1.0",
              "resolved": "https://registry.npmjs.org/amdefine/-/amdefine-0.1.0.tgz"
            }
          }
        },
        "ajax": {
          "version": "1.0.3",
          "from": "https://github.com/fresheneesz/ajax/archive/28d7ca2a922446ad9d2eae7d1bc615f3dbeb2f57.tar.gz",
          "resolved": "https://github.com/fresheneesz/ajax/archive/28d7ca2a922446ad9d2eae7d1bc615f3dbeb2f57.tar.gz",
          "dependencies": {
            "async-future": {
              "version": "0.1.18",
              "from": "https://registry.npmjs.org/async-future/-/async-future-0.1.18.tgz",
              "resolved": "https://registry.npmjs.org/async-future/-/async-future-0.1.18.tgz",
              "dependencies": {
                "trimArguments": {
                  "version": "1.0.0",
                  "from": "https://github.com/fresheneesz/trimArguments/archive/e69ed3ebdfe6cf055916ba6e3a1e4b28f696da6f.tar.gz",
                  "resolved": "https://github.com/fresheneesz/trimArguments/archive/e69ed3ebdfe6cf055916ba6e3a1e4b28f696da6f.tar.gz"
                }
              }
            }
          }
        }
      }
    },
    "proto": {
      "version": "1.0.9",
      "from": "proto@1.0.9"
    }
  }
}
